// !$*UTF8*$!
{
	archiveVersion = 1;
	classes = {
	};
	objectVersion = 46;
	objects = {

/* Begin PBXBuildFile section */
		74197BD91E5EB119004A2AB3 /* main.m in Sources */ = {isa = PBXBuildFile; fileRef = 74197BD81E5EB119004A2AB3 /* main.m */; };
		74197BDC1E5EB119004A2AB3 /* AppDelegate.m in Sources */ = {isa = PBXBuildFile; fileRef = 74197BDB1E5EB119004A2AB3 /* AppDelegate.m */; };
		74197BDF1E5EB119004A2AB3 /* ViewController.m in Sources */ = {isa = PBXBuildFile; fileRef = 74197BDE1E5EB119004A2AB3 /* ViewController.m */; };
		74197BE21E5EB119004A2AB3 /* Main.storyboard in Resources */ = {isa = PBXBuildFile; fileRef = 74197BE01E5EB119004A2AB3 /* Main.storyboard */; };
		74197BE41E5EB119004A2AB3 /* Assets.xcassets in Resources */ = {isa = PBXBuildFile; fileRef = 74197BE31E5EB119004A2AB3 /* Assets.xcassets */; };
		74197BE71E5EB119004A2AB3 /* LaunchScreen.storyboard in Resources */ = {isa = PBXBuildFile; fileRef = 74197BE51E5EB119004A2AB3 /* LaunchScreen.storyboard */; };
		74197BF21E5EB119004A2AB3 /* scrollTapLayout_masterTests.m in Sources */ = {isa = PBXBuildFile; fileRef = 74197BF11E5EB119004A2AB3 /* scrollTapLayout_masterTests.m */; };
		74197BFD1E5EB119004A2AB3 /* scrollTapLayout_masterUITests.m in Sources */ = {isa = PBXBuildFile; fileRef = 74197BFC1E5EB119004A2AB3 /* scrollTapLayout_masterUITests.m */; };
/* End PBXBuildFile section */

/* Begin PBXContainerItemProxy section */
		74197BEE1E5EB119004A2AB3 /* PBXContainerItemProxy */ = {
			isa = PBXContainerItemProxy;
			containerPortal = 74197BCC1E5EB119004A2AB3 /* Project object */;
			proxyType = 1;
			remoteGlobalIDString = 74197BD31E5EB119004A2AB3;
			remoteInfo = "scrollTapLayout-master";
		};
		74197BF91E5EB119004A2AB3 /* PBXContainerItemProxy */ = {
			isa = PBXContainerItemProxy;
			containerPortal = 74197BCC1E5EB119004A2AB3 /* Project object */;
			proxyType = 1;
			remoteGlobalIDString = 74197BD31E5EB119004A2AB3;
			remoteInfo = "scrollTapLayout-master";
		};
/* End PBXContainerItemProxy section */

/* Begin PBXFileReference section */
		74197BD41E5EB119004A2AB3 /* scrollTapLayout-master.app */ = {isa = PBXFileReference; explicitFileType = wrapper.application; includeInIndex = 0; path = "scrollTapLayout-master.app"; sourceTree = BUILT_PRODUCTS_DIR; };
		74197BD81E5EB119004A2AB3 /* main.m */ = {isa = PBXFileReference; lastKnownFileType = sourcecode.c.objc; path = main.m; sourceTree = "<group>"; };
		74197BDA1E5EB119004A2AB3 /* AppDelegate.h */ = {isa = PBXFileReference; lastKnownFileType = sourcecode.c.h; path = AppDelegate.h; sourceTree = "<group>"; };
		74197BDB1E5EB119004A2AB3 /* AppDelegate.m */ = {isa = PBXFileReference; lastKnownFileType = sourcecode.c.objc; path = AppDelegate.m; sourceTree = "<group>"; };
		74197BDD1E5EB119004A2AB3 /* ViewController.h */ = {isa = PBXFileReference; lastKnownFileType = sourcecode.c.h; path = ViewController.h; sourceTree = "<group>"; };
		74197BDE1E5EB119004A2AB3 /* ViewController.m */ = {isa = PBXFileReference; lastKnownFileType = sourcecode.c.objc; path = ViewController.m; sourceTree = "<group>"; };
		74197BE11E5EB119004A2AB3 /* Base */ = {isa = PBXFileReference; lastKnownFileType = file.storyboard; name = Base; path = Base.lproj/Main.storyboard; sourceTree = "<group>"; };
		74197BE31E5EB119004A2AB3 /* Assets.xcassets */ = {isa = PBXFileReference; lastKnownFileType = folder.assetcatalog; path = Assets.xcassets; sourceTree = "<group>"; };
		74197BE61E5EB119004A2AB3 /* Base */ = {isa = PBXFileReference; lastKnownFileType = file.storyboard; name = Base; path = Base.lproj/LaunchScreen.storyboard; sourceTree = "<group>"; };
		74197BE81E5EB119004A2AB3 /* Info.plist */ = {isa = PBXFileReference; lastKnownFileType = text.plist.xml; path = Info.plist; sourceTree = "<group>"; };
		74197BED1E5EB119004A2AB3 /* scrollTapLayout-masterTests.xctest */ = {isa = PBXFileReference; explicitFileType = wrapper.cfbundle; includeInIndex = 0; path = "scrollTapLayout-masterTests.xctest"; sourceTree = BUILT_PRODUCTS_DIR; };
		74197BF11E5EB119004A2AB3 /* scrollTapLayout_masterTests.m */ = {isa = PBXFileReference; lastKnownFileType = sourcecode.c.objc; path = scrollTapLayout_masterTests.m; sourceTree = "<group>"; };
		74197BF31E5EB119004A2AB3 /* Info.plist */ = {isa = PBXFileReference; lastKnownFileType = text.plist.xml; path = Info.plist; sourceTree = "<group>"; };
		74197BF81E5EB119004A2AB3 /* scrollTapLayout-masterUITests.xctest */ = {isa = PBXFileReference; explicitFileType = wrapper.cfbundle; includeInIndex = 0; path = "scrollTapLayout-masterUITests.xctest"; sourceTree = BUILT_PRODUCTS_DIR; };
		74197BFC1E5EB119004A2AB3 /* scrollTapLayout_masterUITests.m */ = {isa = PBXFileReference; lastKnownFileType = sourcecode.c.objc; path = scrollTapLayout_masterUITests.m; sourceTree = "<group>"; };
		74197BFE1E5EB119004A2AB3 /* Info.plist */ = {isa = PBXFileReference; lastKnownFileType = text.plist.xml; path = Info.plist; sourceTree = "<group>"; };
/* End PBXFileReference section */

/* Begin PBXFrameworksBuildPhase section */
		74197BD11E5EB119004A2AB3 /* Frameworks */ = {
			isa = PBXFrameworksBuildPhase;
			buildActionMask = 2147483647;
			files = (
			);
			runOnlyForDeploymentPostprocessing = 0;
		};
		74197BEA1E5EB119004A2AB3 /* Frameworks */ = {
			isa = PBXFrameworksBuildPhase;
			buildActionMask = 2147483647;
			files = (
			);
			runOnlyForDeploymentPostprocessing = 0;
		};
		74197BF51E5EB119004A2AB3 /* Frameworks */ = {
			isa = PBXFrameworksBuildPhase;
			buildActionMask = 2147483647;
			files = (
			);
			runOnlyForDeploymentPostprocessing = 0;
		};
/* End PBXFrameworksBuildPhase section */

/* Begin PBXGroup section */
		74197BCB1E5EB119004A2AB3 = {
			isa = PBXGroup;
			children = (
				74197BD61E5EB119004A2AB3 /* scrollTapLayout-master */,
				74197BF01E5EB119004A2AB3 /* scrollTapLayout-masterTests */,
				74197BFB1E5EB119004A2AB3 /* scrollTapLayout-masterUITests */,
				74197BD51E5EB119004A2AB3 /* Products */,
			);
			sourceTree = "<group>";
		};
		74197BD51E5EB119004A2AB3 /* Products */ = {
			isa = PBXGroup;
			children = (
				74197BD41E5EB119004A2AB3 /* scrollTapLayout-master.app */,
				74197BED1E5EB119004A2AB3 /* scrollTapLayout-masterTests.xctest */,
				74197BF81E5EB119004A2AB3 /* scrollTapLayout-masterUITests.xctest */,
			);
			name = Products;
			sourceTree = "<group>";
		};
		74197BD61E5EB119004A2AB3 /* scrollTapLayout-master */ = {
			isa = PBXGroup;
			children = (
				74197BDA1E5EB119004A2AB3 /* AppDelegate.h */,
				74197BDB1E5EB119004A2AB3 /* AppDelegate.m */,
				74197BDD1E5EB119004A2AB3 /* ViewController.h */,
				74197BDE1E5EB119004A2AB3 /* ViewController.m */,
				74197BE01E5EB119004A2AB3 /* Main.storyboard */,
				74197BE31E5EB119004A2AB3 /* Assets.xcassets */,
				74197BE51E5EB119004A2AB3 /* LaunchScreen.storyboard */,
				74197BE81E5EB119004A2AB3 /* Info.plist */,
				74197BD71E5EB119004A2AB3 /* Supporting Files */,
			);
			path = "scrollTapLayout-master";
			sourceTree = "<group>";
		};
		74197BD71E5EB119004A2AB3 /* Supporting Files */ = {
			isa = PBXGroup;
			children = (
				74197BD81E5EB119004A2AB3 /* main.m */,
			);
			name = "Supporting Files";
			sourceTree = "<group>";
		};
		74197BF01E5EB119004A2AB3 /* scrollTapLayout-masterTests */ = {
			isa = PBXGroup;
			children = (
				74197BF11E5EB119004A2AB3 /* scrollTapLayout_masterTests.m */,
				74197BF31E5EB119004A2AB3 /* Info.plist */,
			);
			path = "scrollTapLayout-masterTests";
			sourceTree = "<group>";
		};
		74197BFB1E5EB119004A2AB3 /* scrollTapLayout-masterUITests */ = {
			isa = PBXGroup;
			children = (
				74197BFC1E5EB119004A2AB3 /* scrollTapLayout_masterUITests.m */,
				74197BFE1E5EB119004A2AB3 /* Info.plist */,
			);
			path = "scrollTapLayout-masterUITests";
			sourceTree = "<group>";
		};
/* End PBXGroup section */

/* Begin PBXNativeTarget section */
		74197BD31E5EB119004A2AB3 /* scrollTapLayout-master */ = {
			isa = PBXNativeTarget;
			buildConfigurationList = 74197C011E5EB119004A2AB3 /* Build configuration list for PBXNativeTarget "scrollTapLayout-master" */;
			buildPhases = (
				74197BD01E5EB119004A2AB3 /* Sources */,
				74197BD11E5EB119004A2AB3 /* Frameworks */,
				74197BD21E5EB119004A2AB3 /* Resources */,
			);
			buildRules = (
			);
			dependencies = (
			);
			name = "scrollTapLayout-master";
			productName = "scrollTapLayout-master";
			productReference = 74197BD41E5EB119004A2AB3 /* scrollTapLayout-master.app */;
			productType = "com.apple.product-type.application";
		};
		74197BEC1E5EB119004A2AB3 /* scrollTapLayout-masterTests */ = {
			isa = PBXNativeTarget;
			buildConfigurationList = 74197C041E5EB119004A2AB3 /* Build configuration list for PBXNativeTarget "scrollTapLayout-masterTests" */;
			buildPhases = (
				74197BE91E5EB119004A2AB3 /* Sources */,
				74197BEA1E5EB119004A2AB3 /* Frameworks */,
				74197BEB1E5EB119004A2AB3 /* Resources */,
			);
			buildRules = (
			);
			dependencies = (
				74197BEF1E5EB119004A2AB3 /* PBXTargetDependency */,
			);
			name = "scrollTapLayout-masterTests";
			productName = "scrollTapLayout-masterTests";
			productReference = 74197BED1E5EB119004A2AB3 /* scrollTapLayout-masterTests.xctest */;
			productType = "com.apple.product-type.bundle.unit-test";
		};
		74197BF71E5EB119004A2AB3 /* scrollTapLayout-masterUITests */ = {
			isa = PBXNativeTarget;
			buildConfigurationList = 74197C071E5EB119004A2AB3 /* Build configuration list for PBXNativeTarget "scrollTapLayout-masterUITests" */;
			buildPhases = (
				74197BF41E5EB119004A2AB3 /* Sources */,
				74197BF51E5EB119004A2AB3 /* Frameworks */,
				74197BF61E5EB119004A2AB3 /* Resources */,
			);
			buildRules = (
			);
			dependencies = (
				74197BFA1E5EB119004A2AB3 /* PBXTargetDependency */,
			);
			name = "scrollTapLayout-masterUITests";
			productName = "scrollTapLayout-masterUITests";
			productReference = 74197BF81E5EB119004A2AB3 /* scrollTapLayout-masterUITests.xctest */;
			productType = "com.apple.product-type.bundle.ui-testing";
		};
/* End PBXNativeTarget section */

/* Begin PBXProject section */
		74197BCC1E5EB119004A2AB3 /* Project object */ = {
			isa = PBXProject;
			attributes = {
				LastUpgradeCheck = 0730;
				ORGANIZATIONNAME = "纵昂";
				TargetAttributes = {
					74197BD31E5EB119004A2AB3 = {
						CreatedOnToolsVersion = 7.3.1;
					};
					74197BEC1E5EB119004A2AB3 = {
						CreatedOnToolsVersion = 7.3.1;
						TestTargetID = 74197BD31E5EB119004A2AB3;
					};
					74197BF71E5EB119004A2AB3 = {
						CreatedOnToolsVersion = 7.3.1;
						TestTargetID = 74197BD31E5EB119004A2AB3;
					};
				};
			};
			buildConfigurationList = 74197BCF1E5EB119004A2AB3 /* Build configuration list for PBXProject "scrollTapLayout-master" */;
			compatibilityVersion = "Xcode 3.2";
			developmentRegion = English;
			hasScannedForEncodings = 0;
			knownRegions = (
				en,
				Base,
			);
			mainGroup = 74197BCB1E5EB119004A2AB3;
			productRefGroup = 74197BD51E5EB119004A2AB3 /* Products */;
			projectDirPath = "";
			projectRoot = "";
			targets = (
				74197BD31E5EB119004A2AB3 /* scrollTapLayout-master */,
				74197BEC1E5EB119004A2AB3 /* scrollTapLayout-masterTests */,
				74197BF71E5EB119004A2AB3 /* scrollTapLayout-masterUITests */,
			);
		};
/* End PBXProject section */

/* Begin PBXResourcesBuildPhase section */
		74197BD21E5EB119004A2AB3 /* Resources */ = {
			isa = PBXResourcesBuildPhase;
			buildActionMask = 2147483647;
			files = (
				74197BE71E5EB119004A2AB3 /* LaunchScreen.storyboard in Resources */,
				74197BE41E5EB119004A2AB3 /* Assets.xcassets in Resources */,
				74197BE21E5EB119004A2AB3 /* Main.storyboard in Resources */,
			);
			runOnlyForDeploymentPostprocessing = 0;
		};
		74197BEB1E5EB119004A2AB3 /* Resources */ = {
			isa = PBXResourcesBuildPhase;
			buildActionMask = 2147483647;
			files = (
			);
			runOnlyForDeploymentPostprocessing = 0;
		};
		74197BF61E5EB119004A2AB3 /* Resources */ = {
			isa = PBXResourcesBuildPhase;
			buildActionMask = 2147483647;
			files = (
			);
			runOnlyForDeploymentPostprocessing = 0;
		};
/* End PBXResourcesBuildPhase section */

/* Begin PBXSourcesBuildPhase section */
		74197BD01E5EB119004A2AB3 /* Sources */ = {
			isa = PBXSourcesBuildPhase;
			buildActionMask = 2147483647;
			files = (
				74197BDF1E5EB119004A2AB3 /* ViewController.m in Sources */,
				74197BDC1E5EB119004A2AB3 /* AppDelegate.m in Sources */,
				74197BD91E5EB119004A2AB3 /* main.m in Sources */,
			);
			runOnlyForDeploymentPostprocessing = 0;
		};
		74197BE91E5EB119004A2AB3 /* Sources */ = {
			isa = PBXSourcesBuildPhase;
			buildActionMask = 2147483647;
			files = (
				74197BF21E5EB119004A2AB3 /* scrollTapLayout_masterTests.m in Sources */,
			);
			runOnlyForDeploymentPostprocessing = 0;
		};
		74197BF41E5EB119004A2AB3 /* Sources */ = {
			isa = PBXSourcesBuildPhase;
			buildActionMask = 2147483647;
			files = (
				74197BFD1E5EB119004A2AB3 /* scrollTapLayout_masterUITests.m in Sources */,
			);
			runOnlyForDeploymentPostprocessing = 0;
		};
/* End PBXSourcesBuildPhase section */

/* Begin PBXTargetDependency section */
		74197BEF1E5EB119004A2AB3 /* PBXTargetDependency */ = {
			isa = PBXTargetDependency;
			target = 74197BD31E5EB119004A2AB3 /* scrollTapLayout-master */;
			targetProxy = 74197BEE1E5EB119004A2AB3 /* PBXContainerItemProxy */;
		};
		74197BFA1E5EB119004A2AB3 /* PBXTargetDependency */ = {
			isa = PBXTargetDependency;
			target = 74197BD31E5EB119004A2AB3 /* scrollTapLayout-master */;
			targetProxy = 74197BF91E5EB119004A2AB3 /* PBXContainerItemProxy */;
		};
/* End PBXTargetDependency section */

/* Begin PBXVariantGroup section */
		74197BE01E5EB119004A2AB3 /* Main.storyboard */ = {
			isa = PBXVariantGroup;
			children = (
				74197BE11E5EB119004A2AB3 /* Base */,
			);
			name = Main.storyboard;
			sourceTree = "<group>";
		};
		74197BE51E5EB119004A2AB3 /* LaunchScreen.storyboard */ = {
			isa = PBXVariantGroup;
			children = (
				74197BE61E5EB119004A2AB3 /* Base */,
			);
			name = LaunchScreen.storyboard;
			sourceTree = "<group>";
		};
/* End PBXVariantGroup section */

/* Begin XCBuildConfiguration section */
		74197BFF1E5EB119004A2AB3 /* Debug */ = {
			isa = XCBuildConfiguration;
			buildSettings = {
				ALWAYS_SEARCH_USER_PATHS = NO;
				CLANG_ANALYZER_NONNULL = YES;
				CLANG_CXX_LANGUAGE_STANDARD = "gnu++0x";
				CLANG_CXX_LIBRARY = "libc++";
				CLANG_ENABLE_MODULES = YES;
				CLANG_ENABLE_OBJC_ARC = YES;
				CLANG_WARN_BOOL_CONVERSION = YES;
				CLANG_WARN_CONSTANT_CONVERSION = YES;
				CLANG_WARN_DIRECT_OBJC_ISA_USAGE = YES_ERROR;
				CLANG_WARN_EMPTY_BODY = YES;
				CLANG_WARN_ENUM_CONVERSION = YES;
				CLANG_WARN_INT_CONVERSION = YES;
				CLANG_WARN_OBJC_ROOT_CLASS = YES_ERROR;
				CLANG_WARN_UNREACHABLE_CODE = YES;
				CLANG_WARN__DUPLICATE_METHOD_MATCH = YES;
				"CODE_SIGN_IDENTITY[sdk=iphoneos*]" = "iPhone Developer";
				COPY_PHASE_STRIP = NO;
				DEBUG_INFORMATION_FORMAT = dwarf;
				ENABLE_STRICT_OBJC_MSGSEND = YES;
				ENABLE_TESTABILITY = YES;
				GCC_C_LANGUAGE_STANDARD = gnu99;
				GCC_DYNAMIC_NO_PIC = NO;
				GCC_NO_COMMON_BLOCKS = YES;
				GCC_OPTIMIZATION_LEVEL = 0;
				GCC_PREPROCESSOR_DEFINITIONS = (
					"DEBUG=1",
					"$(inherited)",
				);
				GCC_WARN_64_TO_32_BIT_CONVERSION = YES;
				GCC_WARN_ABOUT_RETURN_TYPE = YES_ERROR;
				GCC_WARN_UNDECLARED_SELECTOR = YES;
				GCC_WARN_UNINITIALIZED_AUTOS = YES_AGGRESSIVE;
				GCC_WARN_UNUSED_FUNCTION = YES;
				GCC_WARN_UNUSED_VARIABLE = YES;
				IPHONEOS_DEPLOYMENT_TARGET = 9.3;
				MTL_ENABLE_DEBUG_INFO = YES;
				ONLY_ACTIVE_ARCH = YES;
				SDKROOT = iphoneos;
				TARGETED_DEVICE_FAMILY = "1,2";
			};
			name = Debug;
		};
		74197C001E5EB119004A2AB3 /* Release */ = {
			isa = XCBuildConfiguration;
			buildSettings = {
				ALWAYS_SEARCH_USER_PATHS = NO;
				CLANG_ANALYZER_NONNULL = YES;
				CLANG_CXX_LANGUAGE_STANDARD = "gnu++0x";
				CLANG_CXX_LIBRARY = "libc++";
				CLANG_ENABLE_MODULES = YES;
				CLANG_ENABLE_OBJC_ARC = YES;
				CLANG_WARN_BOOL_CONVERSION = YES;
				CLANG_WARN_CONSTANT_CONVERSION = YES;
				CLANG_WARN_DIRECT_OBJC_ISA_USAGE = YES_ERROR;
				CLANG_WARN_EMPTY_BODY = YES;
				CLANG_WARN_ENUM_CONVERSION = YES;
				CLANG_WARN_INT_CONVERSION = YES;
				CLANG_WARN_OBJC_ROOT_CLASS = YES_ERROR;
				CLANG_WARN_UNREACHABLE_CODE = YES;
				CLANG_WARN__DUPLICATE_METHOD_MATCH = YES;
				"CODE_SIGN_IDENTITY[sdk=iphoneos*]" = "iPhone Developer";
				COPY_PHASE_STRIP = NO;
				DEBUG_INFORMATION_FORMAT = "dwarf-with-dsym";
				ENABLE_NS_ASSERTIONS = NO;
				ENABLE_STRICT_OBJC_MSGSEND = YES;
				GCC_C_LANGUAGE_STANDARD = gnu99;
				GCC_NO_COMMON_BLOCKS = YES;
				GCC_WARN_64_TO_32_BIT_CONVERSION = YES;
				GCC_WARN_ABOUT_RETURN_TYPE = YES_ERROR;
				GCC_WARN_UNDECLARED_SELECTOR = YES;
				GCC_WARN_UNINITIALIZED_AUTOS = YES_AGGRESSIVE;
				GCC_WARN_UNUSED_FUNCTION = YES;
				GCC_WARN_UNUSED_VARIABLE = YES;
				IPHONEOS_DEPLOYMENT_TARGET = 9.3;
				MTL_ENABLE_DEBUG_INFO = NO;
				SDKROOT = iphoneos;
				TARGETED_DEVICE_FAMILY = "1,2";
				VALIDATE_PRODUCT = YES;
			};
			name = Release;
		};
		74197C021E5EB119004A2AB3 /* Debug */ = {
			isa = XCBuildConfiguration;
			buildSettings = {
				ASSETCATALOG_COMPILER_APPICON_NAME = AppIcon;
				INFOPLIST_FILE = "scrollTapLayout-master/Info.plist";
				LD_RUNPATH_SEARCH_PATHS = "$(inherited) @executable_path/Frameworks";
				PRODUCT_BUNDLE_IDENTIFIER = "-23.scrollTapLayout-master";
				PRODUCT_NAME = "$(TARGET_NAME)";
			};
			name = Debug;
		};
		74197C031E5EB119004A2AB3 /* Release */ = {
			isa = XCBuildConfiguration;
			buildSettings = {
				ASSETCATALOG_COMPILER_APPICON_NAME = AppIcon;
				INFOPLIST_FILE = "scrollTapLayout-master/Info.plist";
				LD_RUNPATH_SEARCH_PATHS = "$(inherited) @executable_path/Frameworks";
				PRODUCT_BUNDLE_IDENTIFIER = "-23.scrollTapLayout-master";
				PRODUCT_NAME = "$(TARGET_NAME)";
			};
			name = Release;
		};
		74197C051E5EB119004A2AB3 /* Debug */ = {
			isa = XCBuildConfiguration;
			buildSettings = {
				BUNDLE_LOADER = "$(TEST_HOST)";
				INFOPLIST_FILE = "scrollTapLayout-masterTests/Info.plist";
				LD_RUNPATH_SEARCH_PATHS = "$(inherited) @executable_path/Frameworks @loader_path/Frameworks";
				PRODUCT_BUNDLE_IDENTIFIER = "-23.scrollTapLayout-masterTests";
				PRODUCT_NAME = "$(TARGET_NAME)";
				TEST_HOST = "$(BUILT_PRODUCTS_DIR)/scrollTapLayout-master.app/scrollTapLayout-master";
			};
			name = Debug;
		};
		74197C061E5EB119004A2AB3 /* Release */ = {
			isa = XCBuildConfiguration;
			buildSettings = {
				BUNDLE_LOADER = "$(TEST_HOST)";
				INFOPLIST_FILE = "scrollTapLayout-masterTests/Info.plist";
				LD_RUNPATH_SEARCH_PATHS = "$(inherited) @executable_path/Frameworks @loader_path/Frameworks";
				PRODUCT_BUNDLE_IDENTIFIER = "-23.scrollTapLayout-masterTests";
				PRODUCT_NAME = "$(TARGET_NAME)";
				TEST_HOST = "$(BUILT_PRODUCTS_DIR)/scrollTapLayout-master.app/scrollTapLayout-master";
			};
			name = Release;
		};
		74197C081E5EB119004A2AB3 /* Debug */ = {
			isa = XCBuildConfiguration;
			buildSettings = {
				INFOPLIST_FILE = "scrollTapLayout-masterUITests/Info.plist";
				LD_RUNPATH_SEARCH_PATHS = "$(inherited) @executable_path/Frameworks @loader_path/Frameworks";
				PRODUCT_BUNDLE_IDENTIFIER = "-23.scrollTapLayout-masterUITests";
				PRODUCT_NAME = "$(TARGET_NAME)";
				TEST_TARGET_NAME = "scrollTapLayout-master";
			};
			name = Debug;
		};
		74197C091E5EB119004A2AB3 /* Release */ = {
			isa = XCBuildConfiguration;
			buildSettings = {
				INFOPLIST_FILE = "scrollTapLayout-masterUITests/Info.plist";
				LD_RUNPATH_SEARCH_PATHS = "$(inherited) @executable_path/Frameworks @loader_path/Frameworks";
				PRODUCT_BUNDLE_IDENTIFIER = "-23.scrollTapLayout-masterUITests";
				PRODUCT_NAME = "$(TARGET_NAME)";
				TEST_TARGET_NAME = "scrollTapLayout-master";
			};
			name = Release;
		};
/* End XCBuildConfiguration section */

/* Begin XCConfigurationList section */
		74197BCF1E5EB119004A2AB3 /* Build configuration list for PBXProject "scrollTapLayout-master" */ = {
			isa = XCConfigurationList;
			buildConfigurations = (
				74197BFF1E5EB119004A2AB3 /* Debug */,
				74197C001E5EB119004A2AB3 /* Release */,
			);
			defaultConfigurationIsVisible = 0;
			defaultConfigurationName = Release;
		};
		74197C011E5EB119004A2AB3 /* Build configuration list for PBXNativeTarget "scrollTapLayout-master" */ = {
			isa = XCConfigurationList;
			buildConfigurations = (
				74197C021E5EB119004A2AB3 /* Debug */,
				74197C031E5EB119004A2AB3 /* Release */,
			);
			defaultConfigurationIsVisible = 0;
		};
		74197C041E5EB119004A2AB3 /* Build configuration list for PBXNativeTarget "scrollTapLayout-masterTests" */ = {
			isa = XCConfigurationList;
			buildConfigurations = (
				74197C051E5EB119004A2AB3 /* Debug */,
				74197C061E5EB119004A2AB3 /* Release */,
			);
			defaultConfigurationIsVisible = 0;
		};
		74197C071E5EB119004A2AB3 /* Build configuration list for PBXNativeTarget "scrollTapLayout-masterUITests" */ = {
			isa = XCConfigurationList;
			buildConfigurations = (
				74197C081E5EB119004A2AB3 /* Debug */,
				74197C091E5EB119004A2AB3 /* Release */,
			);
			defaultConfigurationIsVisible = 0;
		};
/* End XCConfigurationList section */
	};
	rootObject = 74197BCC1E5EB119004A2AB3 /* Project object */;
}
